{
  "version": "5",
  "specifiers": {
    "jsr:@deltic/protocol@0.1": "0.1.0",
    "jsr:@deltic/runtime@0.1.0-pre.g50778a1": "0.1.0-pre.g50778a1",
    "jsr:@std/assert@1": "1.0.19",
    "jsr:@std/internal@^1.0.12": "1.0.14"
  },
  "jsr": {
    "@deltic/protocol@0.1.0": {
      "integrity": "c9d0adff11eac77ce56a28db163dc22bc74427864e0034d2b9d381daea144a1b"
    },
    "@deltic/runtime@0.1.0-pre.g50778a1": {
      "integrity": "e2e17d3be84cadadfcf5de3284f23c06172e1ed6d5c38dfb7bdcdb878050e10e",
      "dependencies": [
        "jsr:@deltic/protocol"
      ]
    },
    "@std/assert@1.0.19": {
      "integrity": "eaada96ee120cb980bc47e040f82814d786fe8162ecc53c91d8df60b8755991e",
      "dependencies": [
        "jsr:@std/internal"
      ]
    },
    "@std/internal@1.0.14": {
      "integrity": "291516b3d4c35024d6ffbc0a9df5bf4c64116e05b50012cf846710152d2ffdf7"
    }
  },
  "workspace": {
    "dependencies": [
      "jsr:@deltic/runtime@0.1.0-pre.g50778a1"
    ]
  }
}
