{
  "version": "5",
  "specifiers": {
    "jsr:@std/assert@1": "1.0.19",
    "jsr:@std/internal@^1.0.12": "1.0.14"
  },
  "jsr": {
    "@std/assert@1.0.19": {
      "integrity": "eaada96ee120cb980bc47e040f82814d786fe8162ecc53c91d8df60b8755991e",
      "dependencies": [
        "jsr:@std/internal"
      ]
    },
    "@std/internal@1.0.14": {
      "integrity": "291516b3d4c35024d6ffbc0a9df5bf4c64116e05b50012cf846710152d2ffdf7"
    }
  },
  "remote": {
    "https://raw.githubusercontent.com/lann/deltic/pre-66a6b8c/runtime/src/cabi/async_values.ts": "af1279d4e4db5b756268979aeff5b27c1cf6c0f021213655676ade90472f282b",
    "https://raw.githubusercontent.com/lann/deltic/pre-66a6b8c/runtime/src/cabi/context.ts": "b4b60891ef9d9e72b208636f6ba37f0b9b6962d307af6156ad3b5ad59a626902",
    "https://raw.githubusercontent.com/lann/deltic/pre-66a6b8c/runtime/src/cabi/flatten.ts": "6c980fe38d7adce349d5e028b819eb0ffbb92714f958c1d5daae8da3e7ed3889",
    "https://raw.githubusercontent.com/lann/deltic/pre-66a6b8c/runtime/src/cabi/float.ts": "0483e8c1aa8786eee4c6f6357fee6738555e4310650c474aba6cd811a80d7d36",
    "https://raw.githubusercontent.com/lann/deltic/pre-66a6b8c/runtime/src/cabi/handles.ts": "30510750261499f48a812bb8c349a8f88a3bb7239175e6f1d4e6d10c38571e5d",
    "https://raw.githubusercontent.com/lann/deltic/pre-66a6b8c/runtime/src/cabi/layout.ts": "8122141b39f4d8189c13d91fc1b37825ceead86988f879f3fa9351bbef96f8f2",
    "https://raw.githubusercontent.com/lann/deltic/pre-66a6b8c/runtime/src/cabi/lift.ts": "e4475a44a5618114f288025601b535bc04b97e9a37b3be21f51d3be092d419c8",
    "https://raw.githubusercontent.com/lann/deltic/pre-66a6b8c/runtime/src/cabi/load.ts": "c1d8ddb1b3b3c59afe30710a97ad6dd7ae1ecd59aa1d427a5eaf4552d3b1ea01",
    "https://raw.githubusercontent.com/lann/deltic/pre-66a6b8c/runtime/src/cabi/lower.ts": "916ef7476dc583783770f4c42de7a655350531b3763c81a92249cca96f5e4d80",
    "https://raw.githubusercontent.com/lann/deltic/pre-66a6b8c/runtime/src/cabi/memory.ts": "09728360d6413fb30a5a7bff1ba6abec1ac6474ff150d45f093b8ebe5e65cd51",
    "https://raw.githubusercontent.com/lann/deltic/pre-66a6b8c/runtime/src/cabi/mod.ts": "b79cf9e2bab2e837fee76fa61dc18bff66d941e08597f1b76de93811bd6d6008",
    "https://raw.githubusercontent.com/lann/deltic/pre-66a6b8c/runtime/src/cabi/store.ts": "97aaecfeb4dfbf5c3c132fb5eadf1f5677924936eee0c7fa75a266a00cd73634",
    "https://raw.githubusercontent.com/lann/deltic/pre-66a6b8c/runtime/src/cabi/strings.ts": "9589dda3857725792ae15ef6888449b48e973b9eb0f3058ed64e10bf4d39b793",
    "https://raw.githubusercontent.com/lann/deltic/pre-66a6b8c/runtime/src/cabi/trap.ts": "307d8b48806eeba30400b3d7db9370cee70a12298851c1c19053dd8ca0013e1c",
    "https://raw.githubusercontent.com/lann/deltic/pre-66a6b8c/runtime/src/cabi/types.ts": "d0392e8cdf2990a76c8a1f9b85795d3b7c19b8eb006c2b159b671d08c39b9535",
    "https://raw.githubusercontent.com/lann/deltic/pre-66a6b8c/runtime/src/cabi/values.ts": "9e6ddcc4192d05897b2cbea250db3fef0ad9bf6548ba87aff378ee14b7ab7022",
    "https://raw.githubusercontent.com/lann/deltic/pre-66a6b8c/runtime/src/embedder/casing.ts": "1e9083becfc08107c09015ce3db79c304b05c40085a3c899ea1c8ebe25fcd45f",
    "https://raw.githubusercontent.com/lann/deltic/pre-66a6b8c/runtime/src/embedder/errors.ts": "b0cac244526b92c052d165f2aee1d9492e5915a5a4cad114e1ab575ffe1587ba",
    "https://raw.githubusercontent.com/lann/deltic/pre-66a6b8c/runtime/src/embedder/imports.ts": "98cca003e4a1131c35854c91b458f109d6761a3e8f67c23730f7e9bc28bbad88",
    "https://raw.githubusercontent.com/lann/deltic/pre-66a6b8c/runtime/src/embedder/instantiate.ts": "2479c085a82adc20eb3e8e11832cad8daaa50992d383e8a38d73fbc7259f52e5",
    "https://raw.githubusercontent.com/lann/deltic/pre-66a6b8c/runtime/src/embedder/mod.ts": "0a4f42b8c569b528b4c3172c3394ad5f9ddafa33bcaf5eccd00e645e111da2b1",
    "https://raw.githubusercontent.com/lann/deltic/pre-66a6b8c/runtime/src/embedder/resources.ts": "d209e5f13545b9c0c095ac4e188b72370d97c9bd394ba7c8793ddd74f436b1ef",
    "https://raw.githubusercontent.com/lann/deltic/pre-66a6b8c/runtime/src/embedder/streams.ts": "4ef894a43da94b4cb01ee65798a108a8fb3f6b2dc6013c71881f63e0806df565",
    "https://raw.githubusercontent.com/lann/deltic/pre-66a6b8c/runtime/src/embedder/values.ts": "ed876f9103f4a4f34e8eb475934091156bee1447f5a029ea300644b8f3ee71eb",
    "https://raw.githubusercontent.com/lann/deltic/pre-66a6b8c/runtime/src/embedder/version.ts": "b1c589988e5fb88dce3a014846c9253399e286f12afb5fd92509c8d6090ad4bb",
    "https://raw.githubusercontent.com/lann/deltic/pre-66a6b8c/runtime/src/exec/boundary.ts": "8a162aefc3524ce1a72f294a95eadc92b66764de75bad84966301192a57ae92e",
    "https://raw.githubusercontent.com/lann/deltic/pre-66a6b8c/runtime/src/exec/executor.ts": "55044c381d842a9d0f17731d55b47b48023d3a9222806e4b0607b53615a1dc97",
    "https://raw.githubusercontent.com/lann/deltic/pre-66a6b8c/runtime/src/exec/host_streams.ts": "63f6b113806c401ae9895df82448da70a7745a97b6e2f04061fb5bc64e7d0acf",
    "https://raw.githubusercontent.com/lann/deltic/pre-66a6b8c/runtime/src/exec/mod.ts": "a46320977ece14342bcb72c9c9e36d65a1cd09d789591d0909d7d1185264010b",
    "https://raw.githubusercontent.com/lann/deltic/pre-66a6b8c/runtime/src/intrinsics/async_builtins.ts": "526795358da8908d54a483bb47eebc43e0a1ea59e69ece94d0c6890ad0fa8784",
    "https://raw.githubusercontent.com/lann/deltic/pre-66a6b8c/runtime/src/intrinsics/context.ts": "be93b23d127ff71d5c372781f89d1c3746c5d32a44e67ebbcd91f2b0f0807e93",
    "https://raw.githubusercontent.com/lann/deltic/pre-66a6b8c/runtime/src/intrinsics/errors.ts": "9d09fc1818b4dc98b238aa69008a9110d9d305b6a8e806604f3bd48fca1eebcb",
    "https://raw.githubusercontent.com/lann/deltic/pre-66a6b8c/runtime/src/intrinsics/fact_calls.ts": "aa0b0aef81b59cdcd8dc572c20e1f57a8f5592f75a0d5d666032851df9201229",
    "https://raw.githubusercontent.com/lann/deltic/pre-66a6b8c/runtime/src/intrinsics/mod.ts": "f9c095e561f5fbb51f70693b21f272f66241f2e8ff2e1a83cd4176bcd0104eb9",
    "https://raw.githubusercontent.com/lann/deltic/pre-66a6b8c/runtime/src/intrinsics/stream_builtins.ts": "bbc1e1ea0e4616026a46d790a68695aa70589a88b08a6275acdb525f0ab531ec",
    "https://raw.githubusercontent.com/lann/deltic/pre-66a6b8c/runtime/src/intrinsics/transcode.ts": "e3fcaeb7a60b6cbad999d9389d4bce59e305e6f54e035ba791f909e10d1f82c7",
    "https://raw.githubusercontent.com/lann/deltic/pre-66a6b8c/runtime/src/jspi/bridge.ts": "7cf3706d3bf34b503aea516a31918a8d930aba3dac7e94ec04caecd23fe6025e",
    "https://raw.githubusercontent.com/lann/deltic/pre-66a6b8c/runtime/src/jspi/mechanics.ts": "dc0fe4965b3ef8c0aff6674afd8bae2a38942ab934fa07fd2eb7db72b2462f17",
    "https://raw.githubusercontent.com/lann/deltic/pre-66a6b8c/runtime/src/jspi/mod.ts": "4d047b820b50c410ed946c62dc48286f8abe4787ce6ae5466cd0ae255d98943c",
    "https://raw.githubusercontent.com/lann/deltic/pre-66a6b8c/runtime/src/jspi/types.ts": "86929224733a764a148ac75a9d6b95d61ab4c8123a48fe956d998e97726a1432",
    "https://raw.githubusercontent.com/lann/deltic/pre-66a6b8c/runtime/src/plan/format.ts": "90e31bbc7137c2f80c0782e1431afb6f81827aab8d38dba1178b8761f1b3ea0a",
    "https://raw.githubusercontent.com/lann/deltic/pre-66a6b8c/runtime/src/plan/loader.ts": "107db77e724a7f74f161a5fd20e7110a6e6f182c46f18282eba650bc887dc876",
    "https://raw.githubusercontent.com/lann/deltic/pre-66a6b8c/runtime/src/task/mod.ts": "5decca8045dfd9743910e83d512258a7be3b0d0917954b8d9cdbac38e03f7dfb",
    "https://raw.githubusercontent.com/lann/deltic/pre-66a6b8c/runtime/src/task/scheduler.ts": "18a4404f620407bd867876115861ee0cf98f6f1ccd41c5f3c877ef90e429ef9c",
    "https://raw.githubusercontent.com/lann/deltic/pre-66a6b8c/runtime/src/task/streams.ts": "83b522a6393ba06fbdb87881bc6761f3fce9c03b85e9eda03d3befe7d2605a60",
    "https://raw.githubusercontent.com/lann/deltic/pre-66a6b8c/runtime/src/task/subtask.ts": "750b13a1318f62836bfd149f1b9144de5b017fd7a84adc8e2fb2151e63130fbc",
    "https://raw.githubusercontent.com/lann/deltic/pre-66a6b8c/runtime/src/task/thread.ts": "81fe38b37a1ec130803b478a24e428b19ee4e1ef8c0bae741395cd8d52751580",
    "https://raw.githubusercontent.com/lann/deltic/pre-66a6b8c/runtime/src/task/waitable.ts": "5e1fc092e3d8f1fb4429d6a91d8886b3e474aa9ac6254e7924fd896c4929e1f9"
  }
}
