{
  "version": "5",
  "specifiers": {
    "jsr:@deltic/ct-runner@0.1.0-pre.ga2f84a5": "0.1.0-pre.ga2f84a5",
    "jsr:@deltic/protocol@0.2": "0.2.0",
    "jsr:@deltic/runtime@0.1.0-pre.ga2f84a5": "0.1.0-pre.ga2f84a5",
    "jsr:@deltic/runtime@~0.1.0-pre.ga2f84a5": "0.1.0-pre.ga2f84a5",
    "jsr:@deltic/translator@0.1.0-pre.ga2f84a5": "0.1.0-pre.ga2f84a5",
    "jsr:@deltic/wasi-shims@0.1.0-pre.ga2f84a5": "0.1.0-pre.ga2f84a5",
    "npm:playwright-core@^1.61.1": "1.62.1"
  },
  "jsr": {
    "@deltic/ct-runner@0.1.0-pre.ga2f84a5": {
      "integrity": "4695ae5509c99a10ba67e6dfef66b2a567b169f40aa93b3c105f7f7062380e59",
      "dependencies": [
        "jsr:@deltic/runtime@~0.1.0-pre.ga2f84a5"
      ]
    },
    "@deltic/protocol@0.2.0": {
      "integrity": "028be6a3623c5e910598aa7a199209b85e8931ae484ac7f6638d610ddb0e19fa"
    },
    "@deltic/runtime@0.1.0-pre.ga2f84a5": {
      "integrity": "c9abb811d0c814c819924e92d57eed5f68b7bad35593edc5dcf3fc656022f4e1",
      "dependencies": [
        "jsr:@deltic/protocol"
      ]
    },
    "@deltic/translator@0.1.0-pre.ga2f84a5": {
      "integrity": "7e286b0cbacc26d144c4cad17f7ccae647cf5b71a48f986448e89f52204046b9",
      "dependencies": [
        "jsr:@deltic/runtime@~0.1.0-pre.ga2f84a5"
      ]
    },
    "@deltic/wasi-shims@0.1.0-pre.ga2f84a5": {
      "integrity": "92bb3f82371b1e356734e6d173fa7c38eeadf5f4cdf5c58393d2a3b7287c1b0b",
      "dependencies": [
        "jsr:@deltic/protocol",
        "jsr:@deltic/runtime@~0.1.0-pre.ga2f84a5"
      ]
    }
  },
  "npm": {
    "playwright-core@1.62.1": {
      "integrity": "sha512-wPYSwEBJY9GHraISXqyqtx0na0LpO3XEX7jNDhntbex7tzUS7kLnZsOlFruFJB4Hi/rhDMjXGqHewDZ68nYZVw==",
      "bin": true
    }
  },
  "workspace": {
    "dependencies": [
      "jsr:@deltic/ct-runner@0.1.0-pre.ga2f84a5",
      "jsr:@deltic/runtime@0.1.0-pre.ga2f84a5",
      "jsr:@deltic/translator@0.1.0-pre.ga2f84a5",
      "jsr:@deltic/wasi-shims@0.1.0-pre.ga2f84a5"
    ],
    "packageJson": {
      "dependencies": [
        "npm:playwright-core@^1.61.1"
      ]
    }
  }
}
