{
  "version": "5",
  "specifiers": {
    "jsr:@deltic/ct-runner@0.1.0-pre.g50778a1": "0.1.0-pre.g50778a1",
    "jsr:@deltic/protocol@0.1": "0.1.0",
    "jsr:@deltic/runtime@0.1.0-pre.g50778a1": "0.1.0-pre.g50778a1",
    "jsr:@deltic/runtime@~0.1.0-pre.g50778a1": "0.1.0-pre.g50778a1",
    "jsr:@deltic/translator@0.1.0-pre.g50778a1": "0.1.0-pre.g50778a1",
    "jsr:@deltic/wasi-shims@0.1.0-pre.g50778a1": "0.1.0-pre.g50778a1",
    "npm:playwright-core@^1.61.1": "1.62.1"
  },
  "jsr": {
    "@deltic/ct-runner@0.1.0-pre.g50778a1": {
      "integrity": "312e40aebc95411d1dbf12f74f5465c621007e1bb38815e9be56933b58a2fdcd",
      "dependencies": [
        "jsr:@deltic/runtime@~0.1.0-pre.g50778a1"
      ]
    },
    "@deltic/protocol@0.1.0": {
      "integrity": "c9d0adff11eac77ce56a28db163dc22bc74427864e0034d2b9d381daea144a1b"
    },
    "@deltic/runtime@0.1.0-pre.g50778a1": {
      "integrity": "e2e17d3be84cadadfcf5de3284f23c06172e1ed6d5c38dfb7bdcdb878050e10e",
      "dependencies": [
        "jsr:@deltic/protocol"
      ]
    },
    "@deltic/translator@0.1.0-pre.g50778a1": {
      "integrity": "4d95ca60719300b482cf90c147a8b33cf92550d408bf0a5718fbd6483887510a",
      "dependencies": [
        "jsr:@deltic/runtime@~0.1.0-pre.g50778a1"
      ]
    },
    "@deltic/wasi-shims@0.1.0-pre.g50778a1": {
      "integrity": "e1a3fe2da0ba7d9c4c632e905c9dbdcd50c1a3da9eaadaecf86d54add39d0446",
      "dependencies": [
        "jsr:@deltic/protocol",
        "jsr:@deltic/runtime@~0.1.0-pre.g50778a1"
      ]
    }
  },
  "npm": {
    "playwright-core@1.62.1": {
      "integrity": "sha512-wPYSwEBJY9GHraISXqyqtx0na0LpO3XEX7jNDhntbex7tzUS7kLnZsOlFruFJB4Hi/rhDMjXGqHewDZ68nYZVw==",
      "bin": true
    }
  },
  "workspace": {
    "dependencies": [
      "jsr:@deltic/ct-runner@0.1.0-pre.g50778a1",
      "jsr:@deltic/runtime@0.1.0-pre.g50778a1",
      "jsr:@deltic/translator@0.1.0-pre.g50778a1",
      "jsr:@deltic/wasi-shims@0.1.0-pre.g50778a1"
    ],
    "packageJson": {
      "dependencies": [
        "npm:playwright-core@^1.61.1"
      ]
    }
  }
}
