lockfileVersion: '9.0'

settings:
  autoInstallPeers: true
  excludeLinksFromLockfile: false

importers:

  .:
    dependencies:
      '@polymorph/component-test-js':
        specifier: github:polymorph-components/polymorph-test#3ec431717895b2e4fa81500794e0da7fd13e26e7
        version: https://codeload.github.com/polymorph-components/polymorph-test/tar.gz/3ec431717895b2e4fa81500794e0da7fd13e26e7
      playwright-core:
        specifier: ^1.61.1
        version: 1.62.1

packages:

  '@polymorph/component-test-js@https://codeload.github.com/polymorph-components/polymorph-test/tar.gz/3ec431717895b2e4fa81500794e0da7fd13e26e7':
    resolution: {gitHosted: true, integrity: sha512-Y2sc0jPnTc/UKXgB5jWth4UK+45KikzSGRsj0TeeIhKMJ27a1vrFMfC89RILVJU/5JzJ65f5SvKillJT65vtxA==, tarball: https://codeload.github.com/polymorph-components/polymorph-test/tar.gz/3ec431717895b2e4fa81500794e0da7fd13e26e7}
    version: 0.2.0

  playwright-core@1.62.1:
    resolution: {integrity: sha512-wPYSwEBJY9GHraISXqyqtx0na0LpO3XEX7jNDhntbex7tzUS7kLnZsOlFruFJB4Hi/rhDMjXGqHewDZ68nYZVw==}
    engines: {node: '>=20'}
    hasBin: true

snapshots:

  '@polymorph/component-test-js@https://codeload.github.com/polymorph-components/polymorph-test/tar.gz/3ec431717895b2e4fa81500794e0da7fd13e26e7': {}

  playwright-core@1.62.1: {}
