lockfileVersion: '9.0'

settings:
  autoInstallPeers: true
  excludeLinksFromLockfile: false

importers:

  .:
    dependencies:
      '@jsr/polymorph__test':
        specifier: 0.1.1
        version: 0.1.1
      playwright-core:
        specifier: ^1.61.1
        version: 1.62.1

packages:

  '@jsr/polymorph__test@0.1.1':
    resolution: {integrity: sha512-bu0jE52btthChm83f04rQo+twOLszJ/JN7nLGl/5W/66cZb8tQrlZG+Lnd4/XierTlBgy0PpW75bjbqQBY2nDg==, tarball: https://npm.jsr.io/~/11/@jsr/polymorph__test/0.1.1.tgz}

  playwright-core@1.62.1:
    resolution: {integrity: sha512-wPYSwEBJY9GHraISXqyqtx0na0LpO3XEX7jNDhntbex7tzUS7kLnZsOlFruFJB4Hi/rhDMjXGqHewDZ68nYZVw==}
    engines: {node: '>=20'}
    hasBin: true

snapshots:

  '@jsr/polymorph__test@0.1.1': {}

  playwright-core@1.62.1: {}
