{
  "version": "5",
  "specifiers": {
    "jsr:@polyengine/protocol@~0.2.1": "0.2.1",
    "jsr:@polyengine/runtime@0.4": "0.4.0",
    "jsr:@std/assert@1": "1.0.19",
    "jsr:@std/internal@^1.0.12": "1.0.14"
  },
  "jsr": {
    "@polyengine/protocol@0.2.1": {
      "integrity": "857bef84afedc414d47daedf203448f72e8803cf96301afb783b1ac975f3dcec"
    },
    "@polyengine/runtime@0.4.0": {
      "integrity": "d34a59d9df58bd48541483619d1987319d8aad4d2e0f3775890177ffb0878a5a",
      "dependencies": [
        "jsr:@polyengine/protocol"
      ]
    },
    "@std/assert@1.0.19": {
      "integrity": "eaada96ee120cb980bc47e040f82814d786fe8162ecc53c91d8df60b8755991e",
      "dependencies": [
        "jsr:@std/internal"
      ]
    },
    "@std/internal@1.0.14": {
      "integrity": "291516b3d4c35024d6ffbc0a9df5bf4c64116e05b50012cf846710152d2ffdf7"
    }
  },
  "workspace": {
    "dependencies": [
      "jsr:@polyengine/runtime@0.4"
    ]
  }
}
