lockfileVersion: '9.0'

settings:
  autoInstallPeers: true
  excludeLinksFromLockfile: false

importers:

  .:
    devDependencies:
      '@bytecodealliance/jco-transpile':
        specifier: https://github.com/lann/jco/releases/download/jco-transpile-0.6.2-fa6990d/bytecodealliance-jco-transpile-0.6.2.tgz
        version: https://github.com/lann/jco/releases/download/jco-transpile-0.6.2-fa6990d/bytecodealliance-jco-transpile-0.6.2.tgz
      '@bytecodealliance/preview2-shim':
        specifier: ^0.17.2
        version: 0.17.9
      '@polymorph/component-test-js':
        specifier: github:polymorph-components/polymorph-test#f9ea8bbe7d2c407b6643b45e38b2ecf4aaee13a6
        version: https://codeload.github.com/polymorph-components/polymorph-test/tar.gz/f9ea8bbe7d2c407b6643b45e38b2ecf4aaee13a6
      playwright-core:
        specifier: ^1.61.1
        version: 1.62.1

packages:

  '@bytecodealliance/jco-transpile@https://github.com/lann/jco/releases/download/jco-transpile-0.6.2-fa6990d/bytecodealliance-jco-transpile-0.6.2.tgz':
    resolution: {integrity: sha512-9lvxYCxw7G4kD5lA3iGXYphPeccegoHqMT1m3I1O8XO4BVAaYrOuDxmZg67rrs3VMOXHBTt2uVXnl/SeYUCARQ==, tarball: https://github.com/lann/jco/releases/download/jco-transpile-0.6.2-fa6990d/bytecodealliance-jco-transpile-0.6.2.tgz}
    version: 0.6.2

  '@bytecodealliance/preview2-shim@0.17.9':
    resolution: {integrity: sha512-i0R3eQBe6PA/o/1EFE3Owe4In2rcccb6QxnjpntM/lPe3/duJ0bRQTVZM2Ufpo99X4eofGeltQUkape1C91FFA==}

  '@bytecodealliance/preview2-shim@0.19.0':
    resolution: {integrity: sha512-OSUlcM62fXLuzYP0DjBn/SwjKMZ/y/2PMXZ8v5cRiiFcroauntlPRl/oCnx0xYjYiqdYvE0PY50VCNutll0xOw==}

  '@bytecodealliance/preview2-shim@0.20.1':
    resolution: {integrity: sha512-gvQP6DWfeQIYKHBb+nPykku1DRtfXQjM685+e75YYr8ZF2ZxisE4+nWrpwf84+NaWJRfuL5HvoLKQFbup1iwkQ==}

  '@bytecodealliance/preview3-shim@0.2.2':
    resolution: {integrity: sha512-9z4tjc+qixUhyeYo3ycoT4cZ9yIlUfkowJxGoKeMfbRd8zT3uvIr1YNfXyU0I93GPu+gdaTVsr8iMr55utEJSA==}

  '@emnapi/core@1.11.1':
    resolution: {integrity: sha512-RSvbQmHzdKzNsLYa/wHrbc3KN4sYLKAdPZxqiM2HATqv/SBk2/ENSHpvXGaLOMcsAyz0poEGqkmmKYG3OWiJEQ==}

  '@emnapi/runtime@1.11.1':
    resolution: {integrity: sha512-vgj7R3y3Wgx24IQaGPA/R6YFXLHVMOZ0uVEyIQPaWs+rd1AzfEMXlAC22FYwO1XkKR6NPsq7mUandH8oIRdZFw==}

  '@emnapi/wasi-threads@1.2.2':
    resolution: {integrity: sha512-c95qOXkHdydNKhscBTebqEC1CVAZpyqOfVfBzQ1qgzyl3gfeldUjIggDbIZgDKsHLgnsM+igH7TJ/eAasaVuMA==}

  '@napi-rs/wasm-runtime@1.2.2':
    resolution: {integrity: sha512-JfB4kuJQjaoHuCTseIINHtHWeJnvgEcxjwA5t/Y00ZgaOO1Crz3fjT/p8kT28zA/Caz7oiUMn3d6H2yOVCVwuw==}
    engines: {node: ^20.19.0 || ^22.13.0 || >=23.5.0}
    peerDependencies:
      '@emnapi/core': ^1.7.1 || ^2.0.0-alpha.3
      '@emnapi/runtime': ^1.7.1 || ^2.0.0-alpha.3

  '@oxc-minify/binding-android-arm-eabi@0.136.0':
    resolution: {integrity: sha512-gk1jzky1vLeOcK7w9Ib2RT/UooZ7O21s8YSeXCsy4tzsmguKb3Cbsv/Ra2fKhMp4mKeKCzvC1Xa41OfSBWfWdQ==}
    engines: {node: ^20.19.0 || >=22.12.0}
    cpu: [arm]
    os: [android]

  '@oxc-minify/binding-android-arm64@0.136.0':
    resolution: {integrity: sha512-5GIYanqud/ohXEcg2dsdn0+eSKXqclw5qlRUkvSM1sKEa4ZQ7hqOk8XPJBNPh3LXXw+Qw85B6jkmOFLKsCHp5w==}
    engines: {node: ^20.19.0 || >=22.12.0}
    cpu: [arm64]
    os: [android]

  '@oxc-minify/binding-darwin-arm64@0.136.0':
    resolution: {integrity: sha512-QAMpHKXWOoMCTenSZjQjVT5YmMooujlCKAf1T3PHFl2LuaA6ukQFXba0bgSLgAxRrAeX/itkwi4lzVQXtYmnRg==}
    engines: {node: ^20.19.0 || >=22.12.0}
    cpu: [arm64]
    os: [darwin]

  '@oxc-minify/binding-darwin-x64@0.136.0':
    resolution: {integrity: sha512-rDnoPj8hztiU8C1VNKuzujh7SgTJlgiUvUCiWQjTnVSLsABsLW9ZWd1l1Ji0VN3UW39wGpptgvahIWTrHnGH/A==}
    engines: {node: ^20.19.0 || >=22.12.0}
    cpu: [x64]
    os: [darwin]

  '@oxc-minify/binding-freebsd-x64@0.136.0':
    resolution: {integrity: sha512-9fGSgP7uyPLCTjMx9z3AUV4UjnfOVoGTH5JzamLegPwGLJ97Gr1jht1437CRk8ZNabGmxQR6qNn3e+Tox2lswg==}
    engines: {node: ^20.19.0 || >=22.12.0}
    cpu: [x64]
    os: [freebsd]

  '@oxc-minify/binding-linux-arm-gnueabihf@0.136.0':
    resolution: {integrity: sha512-k0QvZS+x6ROI4O5Ikqn9dDU2dmkEJ46Yh6baZJI/eUk/a1k1GOs9/vyXItLZrKlwYrSgdEx2BFXbKgyd1NyRPw==}
    engines: {node: ^20.19.0 || >=22.12.0}
    cpu: [arm]
    os: [linux]

  '@oxc-minify/binding-linux-arm-musleabihf@0.136.0':
    resolution: {integrity: sha512-iRFxUc8ubotVfuyq3e4LPGbHrjvWd1/B3499a55GueMLc1EDJ0fHzNXJiCx2eMQGfzHtHodjmvrJ2BSvSXBNhQ==}
    engines: {node: ^20.19.0 || >=22.12.0}
    cpu: [arm]
    os: [linux]

  '@oxc-minify/binding-linux-arm64-gnu@0.136.0':
    resolution: {integrity: sha512-hbKxNCXJsULrb6EyG5SumzJKuPfP8Y0UQ/TElRgXVUhyyPf6cBPlF8HMq+MAylF98ACBzV8jBp2Mm62lJyTo+w==}
    engines: {node: ^20.19.0 || >=22.12.0}
    cpu: [arm64]
    os: [linux]
    libc: [glibc]

  '@oxc-minify/binding-linux-arm64-musl@0.136.0':
    resolution: {integrity: sha512-T+u/CGKW0UXemJeVux4ix6rK+ug3bQCUEbu5hFlX9K61KQNd44rOcrM15mDK99L7USaXwmiwHeIkEDvmmyDMSA==}
    engines: {node: ^20.19.0 || >=22.12.0}
    cpu: [arm64]
    os: [linux]
    libc: [musl]

  '@oxc-minify/binding-linux-ppc64-gnu@0.136.0':
    resolution: {integrity: sha512-WNPTN2F448tb49BoqjV9IMRzZWa0WB8GHzrB+bnxKQPOyzz07T6rmDKrr4Hjl81ADGjDYSsr1fgXcjyLQFdMdw==}
    engines: {node: ^20.19.0 || >=22.12.0}
    cpu: [ppc64]
    os: [linux]
    libc: [glibc]

  '@oxc-minify/binding-linux-riscv64-gnu@0.136.0':
    resolution: {integrity: sha512-MvcCfu8OeabrmNN9wqhh8Gqizg68RQ3iOvXBJmlLMy5p1PC6az9bAwqOk98lsCmKI4I5LpULekOlfxRYh3o5Kw==}
    engines: {node: ^20.19.0 || >=22.12.0}
    cpu: [riscv64]
    os: [linux]
    libc: [glibc]

  '@oxc-minify/binding-linux-riscv64-musl@0.136.0':
    resolution: {integrity: sha512-rwJXFUFFA0egAULtOOgfW8YhhLhtWrr2qFxftvZ7/U6Xtxiev8i+eCwSNW1RpHiX74QMsJVpRE3ykoefqb1MtQ==}
    engines: {node: ^20.19.0 || >=22.12.0}
    cpu: [riscv64]
    os: [linux]
    libc: [musl]

  '@oxc-minify/binding-linux-s390x-gnu@0.136.0':
    resolution: {integrity: sha512-qizAxHmj7VHm5/D5qiIlvzxAS2tlmadDOJ5XFI7zx/wfnk/+fdk5iVaHOv+C4tDE/4wLQyMoBYVIs6R1LeN91w==}
    engines: {node: ^20.19.0 || >=22.12.0}
    cpu: [s390x]
    os: [linux]
    libc: [glibc]

  '@oxc-minify/binding-linux-x64-gnu@0.136.0':
    resolution: {integrity: sha512-gcyLAad0UblkEhGjVfx5Mwq63OSx8r04IbcfwzpZYpHisO/vioMsrs4GkDsQZ2Ejc8cdUk6YMIrf9FwNBzh+Dw==}
    engines: {node: ^20.19.0 || >=22.12.0}
    cpu: [x64]
    os: [linux]
    libc: [glibc]

  '@oxc-minify/binding-linux-x64-musl@0.136.0':
    resolution: {integrity: sha512-QAK6kwBjljX6luYzeppVdRP3gTaFNFfp9iS/V0cCvU43wUZay5xFXBgmzBHYrzZV2MhzURNnXfEZRo9poAxyvA==}
    engines: {node: ^20.19.0 || >=22.12.0}
    cpu: [x64]
    os: [linux]
    libc: [musl]

  '@oxc-minify/binding-openharmony-arm64@0.136.0':
    resolution: {integrity: sha512-nIGxkTOnN9GwslmooxbZ3Ti2RgbX9QLHy0X9uO0pslOT+4dsNVUawBU/6r4M5cWM+ZdRD2tOF4V+n0l8tS59nQ==}
    engines: {node: ^20.19.0 || >=22.12.0}
    cpu: [arm64]
    os: [openharmony]

  '@oxc-minify/binding-wasm32-wasi@0.136.0':
    resolution: {integrity: sha512-YB3G8AHT6PpDS8/DfjlJrQjywj+/6gCkNBcAJdYzcYbQRIZE6SaTNowiGuZPR1m1jOl1WjcjefniKSmVxzhvRA==}
    engines: {node: ^20.19.0 || >=22.12.0}
    cpu: [wasm32]

  '@oxc-minify/binding-win32-arm64-msvc@0.136.0':
    resolution: {integrity: sha512-UVRH3BlNc2rmla+sbSd5xTF/u+esCqZS6VSWPolZybcBh3TlVe1Sf5MOuHQWUaFoyv5uFOvee4hOfS/14nPvZw==}
    engines: {node: ^20.19.0 || >=22.12.0}
    cpu: [arm64]
    os: [win32]

  '@oxc-minify/binding-win32-ia32-msvc@0.136.0':
    resolution: {integrity: sha512-zFGkUd82jci0E+isc2O36lVmmXVUDXyEMN2RYIyez+MBNqhdjPLIGx62FCsrJtLKeuiPf/8XkFv977aUtndUng==}
    engines: {node: ^20.19.0 || >=22.12.0}
    cpu: [ia32]
    os: [win32]

  '@oxc-minify/binding-win32-x64-msvc@0.136.0':
    resolution: {integrity: sha512-VHgPwd5xibC9UYxBeq7nURTjY+wxhdumllij6JaCIUVfD9IRcrA66SVlJ5fPNoUXcRp8ZXhJfoIZwVz9wAEGJw==}
    engines: {node: ^20.19.0 || >=22.12.0}
    cpu: [x64]
    os: [win32]

  '@polymorph/component-test-js@https://codeload.github.com/polymorph-components/polymorph-test/tar.gz/f9ea8bbe7d2c407b6643b45e38b2ecf4aaee13a6':
    resolution: {gitHosted: true, integrity: sha512-jjGbGJmVh5GniMuyuPU+80VMA5xlaV5gA3hpHevsRiytSQhdRIRXk01MhTFNtt+BGqG704VKJuZneMIgEbP80g==, tarball: https://codeload.github.com/polymorph-components/polymorph-test/tar.gz/f9ea8bbe7d2c407b6643b45e38b2ecf4aaee13a6}
    version: 0.2.0

  '@tybys/wasm-util@0.10.3':
    resolution: {integrity: sha512-F3fo1MYrRJYL3zER0OUOmkutjr1Vp23m7OsSgp7nq4SP6OqX6C/56XFIPAl5bt3zaBRjmW7SGz3u/6LwFpYcOg==}

  binaryen@130.0.0:
    resolution: {integrity: sha512-XDrb+zql0RbFPKgj7MuH9zOc78R3Fa/P/VSGnnpdwYsvNZPWjcMYMdAkKCOQEL2A7yqgjSMTDRFp6gfSDW+/QQ==}
    hasBin: true

  oxc-minify@0.136.0:
    resolution: {integrity: sha512-u9UvPFTYVwQ/i1kpp/c20S/SbvLaLV0Ngzyhgi0YV4B1SlxM7RgnnePl4vY9N3Z9sTRcozL1MRStI3PlUN9RFA==}
    engines: {node: ^20.19.0 || >=22.12.0}

  playwright-core@1.62.1:
    resolution: {integrity: sha512-wPYSwEBJY9GHraISXqyqtx0na0LpO3XEX7jNDhntbex7tzUS7kLnZsOlFruFJB4Hi/rhDMjXGqHewDZ68nYZVw==}
    engines: {node: '>=20'}
    hasBin: true

  tslib@2.8.1:
    resolution: {integrity: sha512-oJFu94HQb+KVduSUQL7wnpmqnfmLsOA/nAh6b6EH0wCEoK0/mPeXU6c3wKDV83MkOuHPRHtSXKKU99IBazS/2w==}

snapshots:

  '@bytecodealliance/jco-transpile@https://github.com/lann/jco/releases/download/jco-transpile-0.6.2-fa6990d/bytecodealliance-jco-transpile-0.6.2.tgz':
    dependencies:
      '@bytecodealliance/preview2-shim': 0.20.1
      '@bytecodealliance/preview3-shim': 0.2.2
      binaryen: 130.0.0
      oxc-minify: 0.136.0

  '@bytecodealliance/preview2-shim@0.17.9': {}

  '@bytecodealliance/preview2-shim@0.19.0': {}

  '@bytecodealliance/preview2-shim@0.20.1': {}

  '@bytecodealliance/preview3-shim@0.2.2':
    dependencies:
      '@bytecodealliance/preview2-shim': 0.19.0

  '@emnapi/core@1.11.1':
    dependencies:
      '@emnapi/wasi-threads': 1.2.2
      tslib: 2.8.1
    optional: true

  '@emnapi/runtime@1.11.1':
    dependencies:
      tslib: 2.8.1
    optional: true

  '@emnapi/wasi-threads@1.2.2':
    dependencies:
      tslib: 2.8.1
    optional: true

  '@napi-rs/wasm-runtime@1.2.2(@emnapi/core@1.11.1)(@emnapi/runtime@1.11.1)':
    dependencies:
      '@emnapi/core': 1.11.1
      '@emnapi/runtime': 1.11.1
      '@tybys/wasm-util': 0.10.3
    optional: true

  '@oxc-minify/binding-android-arm-eabi@0.136.0':
    optional: true

  '@oxc-minify/binding-android-arm64@0.136.0':
    optional: true

  '@oxc-minify/binding-darwin-arm64@0.136.0':
    optional: true

  '@oxc-minify/binding-darwin-x64@0.136.0':
    optional: true

  '@oxc-minify/binding-freebsd-x64@0.136.0':
    optional: true

  '@oxc-minify/binding-linux-arm-gnueabihf@0.136.0':
    optional: true

  '@oxc-minify/binding-linux-arm-musleabihf@0.136.0':
    optional: true

  '@oxc-minify/binding-linux-arm64-gnu@0.136.0':
    optional: true

  '@oxc-minify/binding-linux-arm64-musl@0.136.0':
    optional: true

  '@oxc-minify/binding-linux-ppc64-gnu@0.136.0':
    optional: true

  '@oxc-minify/binding-linux-riscv64-gnu@0.136.0':
    optional: true

  '@oxc-minify/binding-linux-riscv64-musl@0.136.0':
    optional: true

  '@oxc-minify/binding-linux-s390x-gnu@0.136.0':
    optional: true

  '@oxc-minify/binding-linux-x64-gnu@0.136.0':
    optional: true

  '@oxc-minify/binding-linux-x64-musl@0.136.0':
    optional: true

  '@oxc-minify/binding-openharmony-arm64@0.136.0':
    optional: true

  '@oxc-minify/binding-wasm32-wasi@0.136.0':
    dependencies:
      '@emnapi/core': 1.11.1
      '@emnapi/runtime': 1.11.1
      '@napi-rs/wasm-runtime': 1.2.2(@emnapi/core@1.11.1)(@emnapi/runtime@1.11.1)
    optional: true

  '@oxc-minify/binding-win32-arm64-msvc@0.136.0':
    optional: true

  '@oxc-minify/binding-win32-ia32-msvc@0.136.0':
    optional: true

  '@oxc-minify/binding-win32-x64-msvc@0.136.0':
    optional: true

  '@polymorph/component-test-js@https://codeload.github.com/polymorph-components/polymorph-test/tar.gz/f9ea8bbe7d2c407b6643b45e38b2ecf4aaee13a6': {}

  '@tybys/wasm-util@0.10.3':
    dependencies:
      tslib: 2.8.1
    optional: true

  binaryen@130.0.0: {}

  oxc-minify@0.136.0:
    optionalDependencies:
      '@oxc-minify/binding-android-arm-eabi': 0.136.0
      '@oxc-minify/binding-android-arm64': 0.136.0
      '@oxc-minify/binding-darwin-arm64': 0.136.0
      '@oxc-minify/binding-darwin-x64': 0.136.0
      '@oxc-minify/binding-freebsd-x64': 0.136.0
      '@oxc-minify/binding-linux-arm-gnueabihf': 0.136.0
      '@oxc-minify/binding-linux-arm-musleabihf': 0.136.0
      '@oxc-minify/binding-linux-arm64-gnu': 0.136.0
      '@oxc-minify/binding-linux-arm64-musl': 0.136.0
      '@oxc-minify/binding-linux-ppc64-gnu': 0.136.0
      '@oxc-minify/binding-linux-riscv64-gnu': 0.136.0
      '@oxc-minify/binding-linux-riscv64-musl': 0.136.0
      '@oxc-minify/binding-linux-s390x-gnu': 0.136.0
      '@oxc-minify/binding-linux-x64-gnu': 0.136.0
      '@oxc-minify/binding-linux-x64-musl': 0.136.0
      '@oxc-minify/binding-openharmony-arm64': 0.136.0
      '@oxc-minify/binding-wasm32-wasi': 0.136.0
      '@oxc-minify/binding-win32-arm64-msvc': 0.136.0
      '@oxc-minify/binding-win32-ia32-msvc': 0.136.0
      '@oxc-minify/binding-win32-x64-msvc': 0.136.0

  playwright-core@1.62.1: {}

  tslib@2.8.1:
    optional: true
