{
  "version": "5",
  "specifiers": {
    "jsr:@polyengine/ct-runner@0.5.0": "0.5.0",
    "jsr:@polyengine/protocol@0.2.2": "0.2.2",
    "jsr:@polyengine/protocol@~0.2.2": "0.2.2",
    "jsr:@polyengine/runtime@0.5": "0.5.0",
    "jsr:@polyengine/runtime@0.5.0": "0.5.0",
    "jsr:@polyengine/translator@0.5.0": "0.5.0",
    "jsr:@polyengine/wasi@0.5.0": "0.5.0",
    "jsr:@polymorph/test@0.2.1": "0.2.1",
    "npm:@jsr/polymorph__test@0.2.1": "0.2.1",
    "npm:playwright-core@^1.61.1": "1.62.1"
  },
  "jsr": {
    "@polyengine/ct-runner@0.5.0": {
      "integrity": "be3219d9ed283a10386fc76590149419888544980155e84f72b988f1b248a2e5",
      "dependencies": [
        "jsr:@polyengine/protocol@~0.2.2",
        "jsr:@polyengine/runtime@0.5"
      ]
    },
    "@polyengine/protocol@0.2.2": {
      "integrity": "ff470d7183924119ae181cc513093318f1587f7ad5c4bc02db7344e90c9ff52b"
    },
    "@polyengine/runtime@0.5.0": {
      "integrity": "36ea9b74dd38c0f5fb941695cfa3223190fda54bc18f7328600ece082dbbb794",
      "dependencies": [
        "jsr:@polyengine/protocol@~0.2.2"
      ]
    },
    "@polyengine/translator@0.5.0": {
      "integrity": "2f9770f468bd0c649732e6107d69715dea715c71564fe5b0ba0997b5d70e81c3",
      "dependencies": [
        "jsr:@polyengine/runtime@0.5"
      ]
    },
    "@polyengine/wasi@0.5.0": {
      "integrity": "61275e66895084807393bf93876b74be9cc1ca37641d56a07cf8c7b9a78ce091",
      "dependencies": [
        "jsr:@polyengine/protocol@~0.2.2"
      ]
    },
    "@polymorph/test@0.2.1": {
      "integrity": "1934b15f69d2c5f733cb42176aee8899f6da507a30ba1e25fad942fb82c0546e"
    }
  },
  "npm": {
    "@jsr/polymorph__test@0.2.1": {
      "integrity": "sha512-5bkpwmjHp8Hjk69ADkQp1oo4CHyiPT2BAtQWbi7QrbTkrrwIDOn73JzsmZhzWT4mvzkWEL3Q4u1BSOra3sVBLQ==",
      "tarball": "https://npm.jsr.io/~/11/@jsr/polymorph__test/0.2.1.tgz"
    },
    "playwright-core@1.62.1": {
      "integrity": "sha512-wPYSwEBJY9GHraISXqyqtx0na0LpO3XEX7jNDhntbex7tzUS7kLnZsOlFruFJB4Hi/rhDMjXGqHewDZ68nYZVw==",
      "bin": true
    }
  },
  "workspace": {
    "dependencies": [
      "jsr:@polyengine/ct-runner@0.5.0",
      "jsr:@polyengine/protocol@0.2.2",
      "jsr:@polyengine/runtime@0.5.0",
      "jsr:@polyengine/translator@0.5.0",
      "jsr:@polyengine/wasi@0.5.0",
      "jsr:@polymorph/test@0.2.1"
    ],
    "packageJson": {
      "dependencies": [
        "npm:@jsr/polymorph__test@0.2.1",
        "npm:playwright-core@^1.61.1"
      ]
    }
  }
}
