{
  "version": "5",
  "specifiers": {
    "jsr:@polyengine/ct-runner@0.5.1": "0.5.1",
    "jsr:@polyengine/protocol@0.2.3": "0.2.3",
    "jsr:@polyengine/protocol@~0.2.3": "0.2.3",
    "jsr:@polyengine/runtime@0.5.1": "0.5.1",
    "jsr:@polyengine/runtime@~0.5.1": "0.5.1",
    "jsr:@polyengine/translator@0.5.1": "0.5.1",
    "jsr:@polyengine/wasi@0.5.1": "0.5.1",
    "jsr:@polymorph/test@0.2.1": "0.2.1",
    "npm:@jsr/polymorph__test@0.2.1": "0.2.1",
    "npm:playwright-core@^1.61.1": "1.62.1"
  },
  "jsr": {
    "@polyengine/ct-runner@0.5.1": {
      "integrity": "97746f0ea1750690f30bf3f1e0cb5a1e0d06be9720c983f2084999c6c6e97d89",
      "dependencies": [
        "jsr:@polyengine/protocol@~0.2.3",
        "jsr:@polyengine/runtime@~0.5.1"
      ]
    },
    "@polyengine/protocol@0.2.3": {
      "integrity": "e3f0ac4165eb691d7231164ce28cf75e275c99496aa538e032297febdc52b371"
    },
    "@polyengine/runtime@0.5.1": {
      "integrity": "6337c94d623bc2013fdeb324a5206860a916b8897b39cf4bec65b1bf87c287d0",
      "dependencies": [
        "jsr:@polyengine/protocol@~0.2.3"
      ]
    },
    "@polyengine/translator@0.5.1": {
      "integrity": "16d7ac88997f89f10145cc109737b749bfebd37c9ea1aefe0a41b44c01b75586",
      "dependencies": [
        "jsr:@polyengine/runtime@~0.5.1"
      ]
    },
    "@polyengine/wasi@0.5.1": {
      "integrity": "1cb71ff91c24415d85a3b15bbb35462757586fa1478febba605cab4c1b2dbe72",
      "dependencies": [
        "jsr:@polyengine/protocol@~0.2.3"
      ]
    },
    "@polymorph/test@0.2.1": {
      "integrity": "1934b15f69d2c5f733cb42176aee8899f6da507a30ba1e25fad942fb82c0546e"
    }
  },
  "npm": {
    "@jsr/polymorph__test@0.2.1": {
      "integrity": "sha512-5bkpwmjHp8Hjk69ADkQp1oo4CHyiPT2BAtQWbi7QrbTkrrwIDOn73JzsmZhzWT4mvzkWEL3Q4u1BSOra3sVBLQ==",
      "tarball": "https://npm.jsr.io/~/11/@jsr/polymorph__test/0.2.1.tgz"
    },
    "playwright-core@1.62.1": {
      "integrity": "sha512-wPYSwEBJY9GHraISXqyqtx0na0LpO3XEX7jNDhntbex7tzUS7kLnZsOlFruFJB4Hi/rhDMjXGqHewDZ68nYZVw==",
      "bin": true
    }
  },
  "workspace": {
    "dependencies": [
      "jsr:@polyengine/ct-runner@0.5.1",
      "jsr:@polyengine/protocol@0.2.3",
      "jsr:@polyengine/runtime@0.5.1",
      "jsr:@polyengine/translator@0.5.1",
      "jsr:@polyengine/wasi@0.5.1",
      "jsr:@polymorph/test@0.2.1"
    ],
    "packageJson": {
      "dependencies": [
        "npm:@jsr/polymorph__test@0.2.1",
        "npm:playwright-core@^1.61.1"
      ]
    }
  }
}
