lockfileVersion: '9.0'

settings:
  autoInstallPeers: true
  excludeLinksFromLockfile: false

importers:

  .:
    dependencies:
      '@jsr/polymorph__test':
        specifier: 0.3.0
        version: 0.3.0
      playwright-core:
        specifier: ^1.61.1
        version: 1.62.1

packages:

  '@jsr/polymorph__test@0.3.0':
    resolution: {integrity: sha512-NlpHmd5fA3KB/aAaXrBW4KX57UXkl/V9+RLa+fchFUsjASsigthEHMEiiNozRYN/l3xgsKMSC7J3IPp9VtECsQ==, tarball: https://npm.jsr.io/~/11/@jsr/polymorph__test/0.3.0.tgz}

  playwright-core@1.62.1:
    resolution: {integrity: sha512-wPYSwEBJY9GHraISXqyqtx0na0LpO3XEX7jNDhntbex7tzUS7kLnZsOlFruFJB4Hi/rhDMjXGqHewDZ68nYZVw==}
    engines: {node: '>=20'}
    hasBin: true

snapshots:

  '@jsr/polymorph__test@0.3.0': {}

  playwright-core@1.62.1: {}
