lockfileVersion: '9.0'

settings:
  autoInstallPeers: true
  excludeLinksFromLockfile: false

importers:

  .:
    dependencies:
      '@jsr/polymorph__test':
        specifier: 0.2.1
        version: 0.2.1
      playwright-core:
        specifier: ^1.61.1
        version: 1.62.1

packages:

  '@jsr/polymorph__test@0.2.1':
    resolution: {integrity: sha512-5bkpwmjHp8Hjk69ADkQp1oo4CHyiPT2BAtQWbi7QrbTkrrwIDOn73JzsmZhzWT4mvzkWEL3Q4u1BSOra3sVBLQ==, tarball: https://npm.jsr.io/~/11/@jsr/polymorph__test/0.2.1.tgz}

  playwright-core@1.62.1:
    resolution: {integrity: sha512-wPYSwEBJY9GHraISXqyqtx0na0LpO3XEX7jNDhntbex7tzUS7kLnZsOlFruFJB4Hi/rhDMjXGqHewDZ68nYZVw==}
    engines: {node: '>=20'}
    hasBin: true

snapshots:

  '@jsr/polymorph__test@0.2.1': {}

  playwright-core@1.62.1: {}
