lockfileVersion: '9.0'

settings:
  autoInstallPeers: true
  excludeLinksFromLockfile: false

importers:

  .:
    dependencies:
      '@jsr/polymorph__test':
        specifier: 0.2.0
        version: 0.2.0
      playwright-core:
        specifier: ^1.61.1
        version: 1.62.1

packages:

  '@jsr/polymorph__test@0.2.0':
    resolution: {integrity: sha512-fM1IYIy4HnBJm2IlZn/3Gk0d9AmQZz9Kg6JkY0E+fPAhFb2hrAW+4G7TCRQsJ4PStl0rzuBqF9VI6w30f7xCMA==, tarball: https://npm.jsr.io/~/11/@jsr/polymorph__test/0.2.0.tgz}

  playwright-core@1.62.1:
    resolution: {integrity: sha512-wPYSwEBJY9GHraISXqyqtx0na0LpO3XEX7jNDhntbex7tzUS7kLnZsOlFruFJB4Hi/rhDMjXGqHewDZ68nYZVw==}
    engines: {node: '>=20'}
    hasBin: true

snapshots:

  '@jsr/polymorph__test@0.2.0': {}

  playwright-core@1.62.1: {}
